
Microsoft Visual Studio Solution File, Format Version 12.00
# Visual Studio Version 16
VisualStudioVersion = 16.0.30804.86
MinimumVisualStudioVersion = 10.0.40219.1
Project("{FAE04EC0-301F-11D3-BF4B-00C04F79EFBC}") = "NetCuratio", "NetCuratio\NetCuratio.csproj", "{8A793AA9-9B0B-40DA-806A-5A630F6AC0C0}"
EndProject
Global
	GlobalSection(SolutionConfigurationPlatforms) = preSolution
		Debug|Any CPU = Debug|Any CPU
		Release|Any CPU = Release|Any CPU
	EndGlobalSection
	GlobalSection(ProjectConfigurationPlatforms) = postSolution
		{8A793AA9-9B0B-40DA-806A-5A630F6AC0C0}.Debug|Any CPU.ActiveCfg = Debug|Any CPU
		{8A793AA9-9B0B-40DA-806A-5A630F6AC0C0}.Debug|Any CPU.Build.0 = Debug|Any CPU
		{8A793AA9-9B0B-40DA-806A-5A630F6AC0C0}.Release|Any CPU.ActiveCfg = Release|Any CPU
		{8A793AA9-9B0B-40DA-806A-5A630F6AC0C0}.Release|Any CPU.Build.0 = Release|Any CPU
	EndGlobalSection
	GlobalSection(SolutionProperties) = preSolution
		HideSolutionNode = FALSE
	EndGlobalSection
	GlobalSection(ExtensibilityGlobals) = postSolution
		SolutionGuid = {0B6B91E0-8C1B-45ED-AAAE-42DED21D8FA8}
	EndGlobalSection
EndGlobal
